
Microsoft Visual Studio Solution File, Format Version 11.00
# Visual C# Express 2010
Project("{FAE04EC0-301F-11D3-BF4B-00C04F79EFBC}") = "PS3 Controller", "PS3 Controller\PS3 Controller.csproj", "{B79F4C65-2BA3-46CE-A1C9-1B44B180E991}"
EndProject
Global
	GlobalSection(SolutionConfigurationPlatforms) = preSolution
		Debug|Any CPU = Debug|Any CPU
		Release|Any CPU = Release|Any CPU
	EndGlobalSection
	GlobalSection(ProjectConfigurationPlatforms) = postSolution
		{B79F4C65-2BA3-46CE-A1C9-1B44B180E991}.Debug|Any CPU.ActiveCfg = Debug|Any CPU
		{B79F4C65-2BA3-46CE-A1C9-1B44B180E991}.Debug|Any CPU.Build.0 = Debug|Any CPU
		{B79F4C65-2BA3-46CE-A1C9-1B44B180E991}.Debug|Any CPU.Deploy.0 = Debug|Any CPU
		{B79F4C65-2BA3-46CE-A1C9-1B44B180E991}.Release|Any CPU.ActiveCfg = Release|Any CPU
		{B79F4C65-2BA3-46CE-A1C9-1B44B180E991}.Release|Any CPU.Build.0 = Release|Any CPU
		{B79F4C65-2BA3-46CE-A1C9-1B44B180E991}.Release|Any CPU.Deploy.0 = Release|Any CPU
	EndGlobalSection
	GlobalSection(SolutionProperties) = preSolution
		HideSolutionNode = FALSE
	EndGlobalSection
EndGlobal
